
Microsoft Visual Studio Solution File, Format Version 12.00
# Visual Studio 15
VisualStudioVersion = 15.0.28010.2003
MinimumVisualStudioVersion = 10.0.40219.1
Project("{FAE04EC0-301F-11D3-BF4B-00C04F79EFBC}") = "CayleyTree", "CayleyTree1\CayleyTree.csproj", "{5DDE1819-6FCE-4E68-86A2-A15B28A6365D}"
EndProject
Project("{FAE04EC0-301F-11D3-BF4B-00C04F79EFBC}") = "ordertest", "ordertest\ordertest.csproj", "{1FECA9C3-A922-452A-A6F3-C6E1BAAF2E7B}"
EndProject
Global
	GlobalSection(SolutionConfigurationPlatforms) = preSolution
		Debug|Any CPU = Debug|Any CPU
		Release|Any CPU = Release|Any CPU
	EndGlobalSection
	GlobalSection(ProjectConfigurationPlatforms) = postSolution
		{5DDE1819-6FCE-4E68-86A2-A15B28A6365D}.Debug|Any CPU.ActiveCfg = Debug|Any CPU
		{5DDE1819-6FCE-4E68-86A2-A15B28A6365D}.Debug|Any CPU.Build.0 = Debug|Any CPU
		{5DDE1819-6FCE-4E68-86A2-A15B28A6365D}.Release|Any CPU.ActiveCfg = Release|Any CPU
		{5DDE1819-6FCE-4E68-86A2-A15B28A6365D}.Release|Any CPU.Build.0 = Release|Any CPU
		{1FECA9C3-A922-452A-A6F3-C6E1BAAF2E7B}.Debug|Any CPU.ActiveCfg = Debug|Any CPU
		{1FECA9C3-A922-452A-A6F3-C6E1BAAF2E7B}.Debug|Any CPU.Build.0 = Debug|Any CPU
		{1FECA9C3-A922-452A-A6F3-C6E1BAAF2E7B}.Release|Any CPU.ActiveCfg = Release|Any CPU
		{1FECA9C3-A922-452A-A6F3-C6E1BAAF2E7B}.Release|Any CPU.Build.0 = Release|Any CPU
	EndGlobalSection
	GlobalSection(SolutionProperties) = preSolution
		HideSolutionNode = FALSE
	EndGlobalSection
	GlobalSection(ExtensibilityGlobals) = postSolution
		SolutionGuid = {17FFA876-E167-4096-AA6A-D8A75A1B263C}
	EndGlobalSection
EndGlobal
